{
  "nodes": {
    "lidarr-src": {
      "flake": false,
      "locked": {
        "lastModified": 1763163964,
        "narHash": "sha256-IxTUGwx0xH9GgBUwEqjn0bngvDAdahQAsDg5H4qy3ck=",
        "type": "tarball",
        "url": "https://lidarr.servarr.com/v1/update/master/updatefile?os=linux&runtime=netcore&arch=x64"
      },
      "original": {
        "type": "tarball",
        "url": "https://lidarr.servarr.com/v1/update/master/updatefile?os=linux&runtime=netcore&arch=x64"
      }
    },
    "minimalbase": {
      "inputs": {
        "nixpkgs": "nixpkgs"
      },
      "locked": {
        "lastModified": 1785116750,
        "narHash": "sha256-nHfC/unzUtrlfkRskwOlKoQGghTUrF4ePfP2x0Mpn+M=",
        "owner": "nonrootdocker",
        "repo": "minimalbase",
        "rev": "c9c59086f572e5dfa1c23df7983198a8b2707643",
        "type": "github"
      },
      "original": {
        "owner": "nonrootdocker",
        "repo": "minimalbase",
        "type": "github"
      }
    },
    "nixpkgs": {
      "locked": {
        "lastModified": 1785115938,
        "narHash": "sha256-Lr2gry/rxJUMzCo6N/ttfEOd6EP2o4x84DxpYfSFu1s=",
        "owner": "NixOS",
        "repo": "nixpkgs",
        "rev": "4bae3fedb1d092b4870d6a8aaaa67cd9f4bd4907",
        "type": "github"
      },
      "original": {
        "owner": "NixOS",
        "repo": "nixpkgs",
        "type": "github"
      }
    },
    "root": {
      "inputs": {
        "lidarr-src": "lidarr-src",
        "minimalbase": "minimalbase",
        "nixpkgs": [
          "minimalbase",
          "nixpkgs"
        ]
      }
    }
  },
  "root": "root",
  "version": 7
}
